
Microsoft Visual Studio Solution File, Format Version 12.00
# Visual Studio Version 16
VisualStudioVersion = 16.0.29613.14
MinimumVisualStudioVersion = 10.0.40219.1
Project("{FAE04EC0-301F-11D3-BF4B-00C04F79EFBC}") = "G12.Authentication", "G12.Authentication.csproj", "{6B636893-51A8-4995-89F9-2840EF439F4F}"
EndProject
Global
	GlobalSection(SolutionConfigurationPlatforms) = preSolution
		Debug|Any CPU = Debug|Any CPU
		Release|Any CPU = Release|Any CPU
	EndGlobalSection
	GlobalSection(ProjectConfigurationPlatforms) = postSolution
		{6B636893-51A8-4995-89F9-2840EF439F4F}.Debug|Any CPU.ActiveCfg = Debug|Any CPU
		{6B636893-51A8-4995-89F9-2840EF439F4F}.Debug|Any CPU.Build.0 = Debug|Any CPU
		{6B636893-51A8-4995-89F9-2840EF439F4F}.Release|Any CPU.ActiveCfg = Release|Any CPU
		{6B636893-51A8-4995-89F9-2840EF439F4F}.Release|Any CPU.Build.0 = Release|Any CPU
	EndGlobalSection
	GlobalSection(SolutionProperties) = preSolution
		HideSolutionNode = FALSE
	EndGlobalSection
	GlobalSection(ExtensibilityGlobals) = postSolution
		SolutionGuid = {DA8E7EBD-C2BF-4349-9997-E64623D16DD2}
	EndGlobalSection
EndGlobal
